// !$*UTF8*$!
{
	archiveVersion = 1;
	classes = {
	};
	objectVersion = 50;
	objects = {

/* Begin PBXBuildFile section */
		544A02AA2462ADAD00A08426 /* DetailsView.swift in Sources */ = {isa = PBXBuildFile; fileRef = 544A02A92462ADAD00A08426 /* DetailsView.swift */; };
		548505102461AF480025E139 /* FavoriteModel.swift in Sources */ = {isa = PBXBuildFile; fileRef = 5485050F2461AF480025E139 /* FavoriteModel.swift */; };
		54BAB51E24571FBB00F3ACBC /* AppDelegate.swift in Sources */ = {isa = PBXBuildFile; fileRef = 54BAB51D24571FBB00F3ACBC /* AppDelegate.swift */; };
		54BAB52024571FBB00F3ACBC /* SceneDelegate.swift in Sources */ = {isa = PBXBuildFile; fileRef = 54BAB51F24571FBB00F3ACBC /* SceneDelegate.swift */; };
		54BAB52224571FBB00F3ACBC /* ContentView.swift in Sources */ = {isa = PBXBuildFile; fileRef = 54BAB52124571FBB00F3ACBC /* ContentView.swift */; };
		54BAB52424571FBE00F3ACBC /* Assets.xcassets in Resources */ = {isa = PBXBuildFile; fileRef = 54BAB52324571FBE00F3ACBC /* Assets.xcassets */; };
		54BAB52724571FBE00F3ACBC /* Preview Assets.xcassets in Resources */ = {isa = PBXBuildFile; fileRef = 54BAB52624571FBE00F3ACBC /* Preview Assets.xcassets */; };
		54BAB52A24571FBF00F3ACBC /* LaunchScreen.storyboard in Resources */ = {isa = PBXBuildFile; fileRef = 54BAB52824571FBF00F3ACBC /* LaunchScreen.storyboard */; };
/* End PBXBuildFile section */

/* Begin PBXFileReference section */
		544A02A92462ADAD00A08426 /* DetailsView.swift */ = {isa = PBXFileReference; lastKnownFileType = sourcecode.swift; path = DetailsView.swift; sourceTree = "<group>"; };
		5485050F2461AF480025E139 /* FavoriteModel.swift */ = {isa = PBXFileReference; lastKnownFileType = sourcecode.swift; path = FavoriteModel.swift; sourceTree = "<group>"; };
		54BAB51A24571FBB00F3ACBC /* FavoriteListSwiftUI.app */ = {isa = PBXFileReference; explicitFileType = wrapper.application; includeInIndex = 0; path = FavoriteListSwiftUI.app; sourceTree = BUILT_PRODUCTS_DIR; };
		54BAB51D24571FBB00F3ACBC /* AppDelegate.swift */ = {isa = PBXFileReference; lastKnownFileType = sourcecode.swift; path = AppDelegate.swift; sourceTree = "<group>"; };
		54BAB51F24571FBB00F3ACBC /* SceneDelegate.swift */ = {isa = PBXFileReference; lastKnownFileType = sourcecode.swift; path = SceneDelegate.swift; sourceTree = "<group>"; };
		54BAB52124571FBB00F3ACBC /* ContentView.swift */ = {isa = PBXFileReference; lastKnownFileType = sourcecode.swift; path = ContentView.swift; sourceTree = "<group>"; };
		54BAB52324571FBE00F3ACBC /* Assets.xcassets */ = {isa = PBXFileReference; lastKnownFileType = folder.assetcatalog; path = Assets.xcassets; sourceTree = "<group>"; };
		54BAB52624571FBE00F3ACBC /* Preview Assets.xcassets */ = {isa = PBXFileReference; lastKnownFileType = folder.assetcatalog; path = "Preview Assets.xcassets"; sourceTree = "<group>"; };
		54BAB52924571FBF00F3ACBC /* Base */ = {isa = PBXFileReference; lastKnownFileType = file.storyboard; name = Base; path = Base.lproj/LaunchScreen.storyboard; sourceTree = "<group>"; };
		54BAB52B24571FBF00F3ACBC /* Info.plist */ = {isa = PBXFileReference; lastKnownFileType = text.plist.xml; path = Info.plist; sourceTree = "<group>"; };
/* End PBXFileReference section */

/* Begin PBXFrameworksBuildPhase section */
		54BAB51724571FBB00F3ACBC /* Frameworks */ = {
			isa = PBXFrameworksBuildPhase;
			buildActionMask = 2147483647;
			files = (
			);
			runOnlyForDeploymentPostprocessing = 0;
		};
/* End PBXFrameworksBuildPhase section */

/* Begin PBXGroup section */
		54BAB51124571FBB00F3ACBC = {
			isa = PBXGroup;
			children = (
				54BAB51C24571FBB00F3ACBC /* FavoriteListSwiftUI */,
				54BAB51B24571FBB00F3ACBC /* Products */,
			);
			sourceTree = "<group>";
		};
		54BAB51B24571FBB00F3ACBC /* Products */ = {
			isa = PBXGroup;
			children = (
				54BAB51A24571FBB00F3ACBC /* FavoriteListSwiftUI.app */,
			);
			name = Products;
			sourceTree = "<group>";
		};
		54BAB51C24571FBB00F3ACBC /* FavoriteListSwiftUI */ = {
			isa = PBXGroup;
			children = (
				54BAB51D24571FBB00F3ACBC /* AppDelegate.swift */,
				54BAB51F24571FBB00F3ACBC /* SceneDelegate.swift */,
				54BAB52124571FBB00F3ACBC /* ContentView.swift */,
				5485050F2461AF480025E139 /* FavoriteModel.swift */,
				544A02A92462ADAD00A08426 /* DetailsView.swift */,
				54BAB52324571FBE00F3ACBC /* Assets.xcassets */,
				54BAB52824571FBF00F3ACBC /* LaunchScreen.storyboard */,
				54BAB52B24571FBF00F3ACBC /* Info.plist */,
				54BAB52524571FBE00F3ACBC /* Preview Content */,
			);
			path = FavoriteListSwiftUI;
			sourceTree = "<group>";
		};
		54BAB52524571FBE00F3ACBC /* Preview Content */ = {
			isa = PBXGroup;
			children = (
				54BAB52624571FBE00F3ACBC /* Preview Assets.xcassets */,
			);
			path = "Preview Content";
			sourceTree = "<group>";
		};
/* End PBXGroup section */

/* Begin PBXNativeTarget section */
		54BAB51924571FBB00F3ACBC /* FavoriteListSwiftUI */ = {
			isa = PBXNativeTarget;
			buildConfigurationList = 54BAB52E24571FBF00F3ACBC /* Build configuration list for PBXNativeTarget "FavoriteListSwiftUI" */;
			buildPhases = (
				54BAB51624571FBB00F3ACBC /* Sources */,
				54BAB51724571FBB00F3ACBC /* Frameworks */,
				54BAB51824571FBB00F3ACBC /* Resources */,
			);
			buildRules = (
			);
			dependencies = (
			);
			name = FavoriteListSwiftUI;
			productName = FavoriteListSwiftUI;
			productReference = 54BAB51A24571FBB00F3ACBC /* FavoriteListSwiftUI.app */;
			productType = "com.apple.product-type.application";
		};
/* End PBXNativeTarget section */

/* Begin PBXProject section */
		54BAB51224571FBB00F3ACBC /* Project object */ = {
			isa = PBXProject;
			attributes = {
				LastSwiftUpdateCheck = 1140;
				LastUpgradeCheck = 1140;
				ORGANIZATIONNAME = "Rusen Topcu";
				TargetAttributes = {
					54BAB51924571FBB00F3ACBC = {
						CreatedOnToolsVersion = 11.4.1;
					};
				};
			};
			buildConfigurationList = 54BAB51524571FBB00F3ACBC /* Build configuration list for PBXProject "FavoriteListSwiftUI" */;
			compatibilityVersion = "Xcode 9.3";
			developmentRegion = en;
			hasScannedForEncodings = 0;
			knownRegions = (
				en,
				Base,
			);
			mainGroup = 54BAB51124571FBB00F3ACBC;
			productRefGroup = 54BAB51B24571FBB00F3ACBC /* Products */;
			projectDirPath = "";
			projectRoot = "";
			targets = (
				54BAB51924571FBB00F3ACBC /* FavoriteListSwiftUI */,
			);
		};
/* End PBXProject section */

/* Begin PBXResourcesBuildPhase section */
		54BAB51824571FBB00F3ACBC /* Resources */ = {
			isa = PBXResourcesBuildPhase;
			buildActionMask = 2147483647;
			files = (
				54BAB52A24571FBF00F3ACBC /* LaunchScreen.storyboard in Resources */,
				54BAB52724571FBE00F3ACBC /* Preview Assets.xcassets in Resources */,
				54BAB52424571FBE00F3ACBC /* Assets.xcassets in Resources */,
			);
			runOnlyForDeploymentPostprocessing = 0;
		};
/* End PBXResourcesBuildPhase section */

/* Begin PBXSourcesBuildPhase section */
		54BAB51624571FBB00F3ACBC /* Sources */ = {
			isa = PBXSourcesBuildPhase;
			buildActionMask = 2147483647;
			files = (
				54BAB51E24571FBB00F3ACBC /* AppDelegate.swift in Sources */,
				544A02AA2462ADAD00A08426 /* DetailsView.swift in Sources */,
				54BAB52024571FBB00F3ACBC /* SceneDelegate.swift in Sources */,
				54BAB52224571FBB00F3ACBC /* ContentView.swift in Sources */,
				548505102461AF480025E139 /* FavoriteModel.swift in Sources */,
			);
			runOnlyForDeploymentPostprocessing = 0;
		};
/* End PBXSourcesBuildPhase section */

/* Begin PBXVariantGroup section */
		54BAB52824571FBF00F3ACBC /* LaunchScreen.storyboard */ = {
			isa = PBXVariantGroup;
			children = (
				54BAB52924571FBF00F3ACBC /* Base */,
			);
			name = LaunchScreen.storyboard;
			sourceTree = "<group>";
		};
/* End PBXVariantGroup section */

/* Begin XCBuildConfiguration section */
		54BAB52C24571FBF00F3ACBC /* Debug */ = {
			isa = XCBuildConfiguration;
			buildSettings = {
				ALWAYS_SEARCH_USER_PATHS = NO;
				CLANG_ANALYZER_NONNULL = YES;
				CLANG_ANALYZER_NUMBER_OBJECT_CONVERSION = YES_AGGRESSIVE;
				CLANG_CXX_LANGUAGE_STANDARD = "gnu++14";
				CLANG_CXX_LIBRARY = "libc++";
				CLANG_ENABLE_MODULES = YES;
				CLANG_ENABLE_OBJC_ARC = YES;
				CLANG_ENABLE_OBJC_WEAK = YES;
				CLANG_WARN_BLOCK_CAPTURE_AUTORELEASING = YES;
				CLANG_WARN_BOOL_CONVERSION = YES;
				CLANG_WARN_COMMA = YES;
				CLANG_WARN_CONSTANT_CONVERSION = YES;
				CLANG_WARN_DEPRECATED_OBJC_IMPLEMENTATIONS = YES;
				CLANG_WARN_DIRECT_OBJC_ISA_USAGE = YES_ERROR;
				CLANG_WARN_DOCUMENTATION_COMMENTS = YES;
				CLANG_WARN_EMPTY_BODY = YES;
				CLANG_WARN_ENUM_CONVERSION = YES;
				CLANG_WARN_INFINITE_RECURSION = YES;
				CLANG_WARN_INT_CONVERSION = YES;
				CLANG_WARN_NON_LITERAL_NULL_CONVERSION = YES;
				CLANG_WARN_OBJC_IMPLICIT_RETAIN_SELF = YES;
				CLANG_WARN_OBJC_LITERAL_CONVERSION = YES;
				CLANG_WARN_OBJC_ROOT_CLASS = YES_ERROR;
				CLANG_WARN_RANGE_LOOP_ANALYSIS = YES;
				CLANG_WARN_STRICT_PROTOTYPES = YES;
				CLANG_WARN_SUSPICIOUS_MOVE = YES;
				CLANG_WARN_UNGUARDED_AVAILABILITY = YES_AGGRESSIVE;
				CLANG_WARN_UNREACHABLE_CODE = YES;
				CLANG_WARN__DUPLICATE_METHOD_MATCH = YES;
				COPY_PHASE_STRIP = NO;
				DEBUG_INFORMATION_FORMAT = dwarf;
				ENABLE_STRICT_OBJC_MSGSEND = YES;
				ENABLE_TESTABILITY = YES;
				GCC_C_LANGUAGE_STANDARD = gnu11;
				GCC_DYNAMIC_NO_PIC = NO;
				GCC_NO_COMMON_BLOCKS = YES;
				GCC_OPTIMIZATION_LEVEL = 0;
				GCC_PREPROCESSOR_DEFINITIONS = (
					"DEBUG=1",
					"$(inherited)",
				);
				GCC_WARN_64_TO_32_BIT_CONVERSION = YES;
				GCC_WARN_ABOUT_RETURN_TYPE = YES_ERROR;
				GCC_WARN_UNDECLARED_SELECTOR = YES;
				GCC_WARN_UNINITIALIZED_AUTOS = YES_AGGRESSIVE;
				GCC_WARN_UNUSED_FUNCTION = YES;
				GCC_WARN_UNUSED_VARIABLE = YES;
				IPHONEOS_DEPLOYMENT_TARGET = 13.4;
				MTL_ENABLE_DEBUG_INFO = INCLUDE_SOURCE;
				MTL_FAST_MATH = YES;
				ONLY_ACTIVE_ARCH = YES;
				SDKROOT = iphoneos;
				SWIFT_ACTIVE_COMPILATION_CONDITIONS = DEBUG;
				SWIFT_OPTIMIZATION_LEVEL = "-Onone";
			};
			name = Debug;
		};
		54BAB52D24571FBF00F3ACBC /* Release */ = {
			isa = XCBuildConfiguration;
			buildSettings = {
				ALWAYS_SEARCH_USER_PATHS = NO;
				CLANG_ANALYZER_NONNULL = YES;
				CLANG_ANALYZER_NUMBER_OBJECT_CONVERSION = YES_AGGRESSIVE;
				CLANG_CXX_LANGUAGE_STANDARD = "gnu++14";
				CLANG_CXX_LIBRARY = "libc++";
				CLANG_ENABLE_MODULES = YES;
				CLANG_ENABLE_OBJC_ARC = YES;
				CLANG_ENABLE_OBJC_WEAK = YES;
				CLANG_WARN_BLOCK_CAPTURE_AUTORELEASING = YES;
				CLANG_WARN_BOOL_CONVERSION = YES;
				CLANG_WARN_COMMA = YES;
				CLANG_WARN_CONSTANT_CONVERSION = YES;
				CLANG_WARN_DEPRECATED_OBJC_IMPLEMENTATIONS = YES;
				CLANG_WARN_DIRECT_OBJC_ISA_USAGE = YES_ERROR;
				CLANG_WARN_DOCUMENTATION_COMMENTS = YES;
				CLANG_WARN_EMPTY_BODY = YES;
				CLANG_WARN_ENUM_CONVERSION = YES;
				CLANG_WARN_INFINITE_RECURSION = YES;
				CLANG_WARN_INT_CONVERSION = YES;
				CLANG_WARN_NON_LITERAL_NULL_CONVERSION = YES;
				CLANG_WARN_OBJC_IMPLICIT_RETAIN_SELF = YES;
				CLANG_WARN_OBJC_LITERAL_CONVERSION = YES;
				CLANG_WARN_OBJC_ROOT_CLASS = YES_ERROR;
				CLANG_WARN_RANGE_LOOP_ANALYSIS = YES;
				CLANG_WARN_STRICT_PROTOTYPES = YES;
				CLANG_WARN_SUSPICIOUS_MOVE = YES;
				CLANG_WARN_UNGUARDED_AVAILABILITY = YES_AGGRESSIVE;
				CLANG_WARN_UNREACHABLE_CODE = YES;
				CLANG_WARN__DUPLICATE_METHOD_MATCH = YES;
				COPY_PHASE_STRIP = NO;
				DEBUG_INFORMATION_FORMAT = "dwarf-with-dsym";
				ENABLE_NS_ASSERTIONS = NO;
				ENABLE_STRICT_OBJC_MSGSEND = YES;
				GCC_C_LANGUAGE_STANDARD = gnu11;
				GCC_NO_COMMON_BLOCKS = YES;
				GCC_WARN_64_TO_32_BIT_CONVERSION = YES;
				GCC_WARN_ABOUT_RETURN_TYPE = YES_ERROR;
				GCC_WARN_UNDECLARED_SELECTOR = YES;
				GCC_WARN_UNINITIALIZED_AUTOS = YES_AGGRESSIVE;
				GCC_WARN_UNUSED_FUNCTION = YES;
				GCC_WARN_UNUSED_VARIABLE = YES;
				IPHONEOS_DEPLOYMENT_TARGET = 13.4;
				MTL_ENABLE_DEBUG_INFO = NO;
				MTL_FAST_MATH = YES;
				SDKROOT = iphoneos;
				SWIFT_COMPILATION_MODE = wholemodule;
				SWIFT_OPTIMIZATION_LEVEL = "-O";
				VALIDATE_PRODUCT = YES;
			};
			name = Release;
		};
		54BAB52F24571FBF00F3ACBC /* Debug */ = {
			isa = XCBuildConfiguration;
			buildSettings = {
				ASSETCATALOG_COMPILER_APPICON_NAME = AppIcon;
				CODE_SIGN_STYLE = Automatic;
				DEVELOPMENT_ASSET_PATHS = "\"FavoriteListSwiftUI/Preview Content\"";
				DEVELOPMENT_TEAM = 48Z3M32AFX;
				ENABLE_PREVIEWS = YES;
				INFOPLIST_FILE = FavoriteListSwiftUI/Info.plist;
				LD_RUNPATH_SEARCH_PATHS = (
					"$(inherited)",
					"@executable_path/Frameworks",
				);
				PRODUCT_BUNDLE_IDENTIFIER = com.FavoriteListSwiftUI;
				PRODUCT_NAME = "$(TARGET_NAME)";
				SWIFT_VERSION = 5.0;
				TARGETED_DEVICE_FAMILY = "1,2";
			};
			name = Debug;
		};
		54BAB53024571FBF00F3ACBC /* Release */ = {
			isa = XCBuildConfiguration;
			buildSettings = {
				ASSETCATALOG_COMPILER_APPICON_NAME = AppIcon;
				CODE_SIGN_STYLE = Automatic;
				DEVELOPMENT_ASSET_PATHS = "\"FavoriteListSwiftUI/Preview Content\"";
				DEVELOPMENT_TEAM = 48Z3M32AFX;
				ENABLE_PREVIEWS = YES;
				INFOPLIST_FILE = FavoriteListSwiftUI/Info.plist;
				LD_RUNPATH_SEARCH_PATHS = (
					"$(inherited)",
					"@executable_path/Frameworks",
				);
				PRODUCT_BUNDLE_IDENTIFIER = com.FavoriteListSwiftUI;
				PRODUCT_NAME = "$(TARGET_NAME)";
				SWIFT_VERSION = 5.0;
				TARGETED_DEVICE_FAMILY = "1,2";
			};
			name = Release;
		};
/* End XCBuildConfiguration section */

/* Begin XCConfigurationList section */
		54BAB51524571FBB00F3ACBC /* Build configuration list for PBXProject "FavoriteListSwiftUI" */ = {
			isa = XCConfigurationList;
			buildConfigurations = (
				54BAB52C24571FBF00F3ACBC /* Debug */,
				54BAB52D24571FBF00F3ACBC /* Release */,
			);
			defaultConfigurationIsVisible = 0;
			defaultConfigurationName = Release;
		};
		54BAB52E24571FBF00F3ACBC /* Build configuration list for PBXNativeTarget "FavoriteListSwiftUI" */ = {
			isa = XCConfigurationList;
			buildConfigurations = (
				54BAB52F24571FBF00F3ACBC /* Debug */,
				54BAB53024571FBF00F3ACBC /* Release */,
			);
			defaultConfigurationIsVisible = 0;
			defaultConfigurationName = Release;
		};
/* End XCConfigurationList section */
	};
	rootObject = 54BAB51224571FBB00F3ACBC /* Project object */;
}
